
Microsoft Visual Studio Solution File, Format Version 12.00
# Visual Studio Version 16
VisualStudioVersion = 16.0.31005.135
MinimumVisualStudioVersion = 10.0.40219.1
Project("{FAE04EC0-301F-11D3-BF4B-00C04F79EFBC}") = "OdcWeb", "OdcWeb\OdcWeb.csproj", "{1E5E3849-1EB2-43EA-B16C-DBCC95BDDD2E}"
EndProject
Global
	GlobalSection(SolutionConfigurationPlatforms) = preSolution
		Debug|Any CPU = Debug|Any CPU
		Release|Any CPU = Release|Any CPU
	EndGlobalSection
	GlobalSection(ProjectConfigurationPlatforms) = postSolution
		{1E5E3849-1EB2-43EA-B16C-DBCC95BDDD2E}.Debug|Any CPU.ActiveCfg = Debug|Any CPU
		{1E5E3849-1EB2-43EA-B16C-DBCC95BDDD2E}.Debug|Any CPU.Build.0 = Debug|Any CPU
		{1E5E3849-1EB2-43EA-B16C-DBCC95BDDD2E}.Release|Any CPU.ActiveCfg = Release|Any CPU
		{1E5E3849-1EB2-43EA-B16C-DBCC95BDDD2E}.Release|Any CPU.Build.0 = Release|Any CPU
	EndGlobalSection
	GlobalSection(SolutionProperties) = preSolution
		HideSolutionNode = FALSE
	EndGlobalSection
	GlobalSection(ExtensibilityGlobals) = postSolution
		SolutionGuid = {B050ADF3-BF80-4775-B5FA-8F7121B3F420}
	EndGlobalSection
EndGlobal
